
Microsoft Visual Studio Solution File, Format Version 12.00
# Visual Studio Version 16
VisualStudioVersion = 16.0.31624.102
MinimumVisualStudioVersion = 10.0.40219.1
Project("{FAE04EC0-301F-11D3-BF4B-00C04F79EFBC}") = "WebApplication1", "WebApplication1\WebApplication1.csproj", "{824F1A46-F3F9-40B3-A896-02CDD9D700BC}"
EndProject
Global
	GlobalSection(SolutionConfigurationPlatforms) = preSolution
		Debug|Any CPU = Debug|Any CPU
		Release|Any CPU = Release|Any CPU
	EndGlobalSection
	GlobalSection(ProjectConfigurationPlatforms) = postSolution
		{824F1A46-F3F9-40B3-A896-02CDD9D700BC}.Debug|Any CPU.ActiveCfg = Debug|Any CPU
		{824F1A46-F3F9-40B3-A896-02CDD9D700BC}.Debug|Any CPU.Build.0 = Debug|Any CPU
		{824F1A46-F3F9-40B3-A896-02CDD9D700BC}.Release|Any CPU.ActiveCfg = Release|Any CPU
		{824F1A46-F3F9-40B3-A896-02CDD9D700BC}.Release|Any CPU.Build.0 = Release|Any CPU
	EndGlobalSection
	GlobalSection(SolutionProperties) = preSolution
		HideSolutionNode = FALSE
	EndGlobalSection
	GlobalSection(ExtensibilityGlobals) = postSolution
		SolutionGuid = {F9912A5C-4E89-4077-97C3-F33CAE117B6D}
	EndGlobalSection
EndGlobal
